
Microsoft Visual Studio Solution File, Format Version 12.00
# Visual Studio 15
VisualStudioVersion = 15.0.28010.2041
MinimumVisualStudioVersion = 10.0.40219.1
Project("{FAE04EC0-301F-11D3-BF4B-00C04F79EFBC}") = "OSRS-AutoSwitcher", "OSRS-AutoSwitcher\OSRS-AutoSwitcher.csproj", "{B2FB4656-074C-4310-B460-AE7A95D8DD64}"
EndProject
Global
	GlobalSection(SolutionConfigurationPlatforms) = preSolution
		Debug|Any CPU = Debug|Any CPU
		Release|Any CPU = Release|Any CPU
	EndGlobalSection
	GlobalSection(ProjectConfigurationPlatforms) = postSolution
		{B2FB4656-074C-4310-B460-AE7A95D8DD64}.Debug|Any CPU.ActiveCfg = Debug|Any CPU
		{B2FB4656-074C-4310-B460-AE7A95D8DD64}.Debug|Any CPU.Build.0 = Debug|Any CPU
		{B2FB4656-074C-4310-B460-AE7A95D8DD64}.Release|Any CPU.ActiveCfg = Release|Any CPU
		{B2FB4656-074C-4310-B460-AE7A95D8DD64}.Release|Any CPU.Build.0 = Release|Any CPU
	EndGlobalSection
	GlobalSection(SolutionProperties) = preSolution
		HideSolutionNode = FALSE
	EndGlobalSection
	GlobalSection(ExtensibilityGlobals) = postSolution
		SolutionGuid = {DF527D80-8D9B-4BC3-B07D-E6917361177F}
	EndGlobalSection
EndGlobal
